<?xml version="1.0" encoding="utf-8"?>
<Project ToolsVersion="4.0" xmlns="http://schemas.microsoft.com/developer/msbuild/2003">
  <ItemGroup>
    <Filter Include="Source Files">
      <UniqueIdentifier>{4FC737F1-C7A5-4376-A066-2A32D752A2FF}</UniqueIdentifier>
      <Extensions>cpp;c;cc;cxx;def;odl;idl;hpj;bat;asm;asmx</Extensions>
    </Filter>
    <Filter Include="Header Files">
      <UniqueIdentifier>{93995380-89BD-4b04-88EB-625FBE52EBFB}</UniqueIdentifier>
      <Extensions>h;hh;hpp;hxx;hm;inl;inc;ipp;xsd</Extensions>
    </Filter>
    <Filter Include="Resource Files">
      <UniqueIdentifier>{67DA6AB6-F800-4c08-8B7A-83BB121AAD01}</UniqueIdentifier>
      <Extensions>rc;ico;cur;bmp;dlg;rc2;rct;bin;rgs;gif;jpg;jpeg;jpe;resx;tiff;tif;png;wav;mfcribbon-ms</Extensions>
    </Filter>
  </ItemGroup>
  <ItemGroup>
    <ClCompile Include="src\Main.cpp">
      <Filter>Source Files</Filter>
    </ClCompile>
    <ClCompile Include="src\Mesh.cpp">
      <Filter>Source Files</Filter>
    </ClCompile>
    <ClCompile Include="src\Model.cpp">
      <Filter>Source Files</Filter>
    </ClCompile>
    <ClCompile Include="src\Shader.cpp">
      <Filter>Source Files</Filter>
    </ClCompile>
    <ClCompile Include="src\stb_image.cpp">
      <Filter>Source Files</Filter>
    </ClCompile>
    <ClCompile Include="src\ImGui\imgui.cpp">
      <Filter>Source Files</Filter>
    </ClCompile>
    <ClCompile Include="src\ImGui\imgui_demo.cpp">
      <Filter>Source Files</Filter>
    </ClCompile>
    <ClCompile Include="src\ImGui\imgui_draw.cpp">
      <Filter>Source Files</Filter>
    </ClCompile>
    <ClCompile Include="src\ImGui\imgui_impl_glfw.cpp">
      <Filter>Source Files</Filter>
    </ClCompile>
    <ClCompile Include="src\ImGui\imgui_impl_opengl3.cpp">
      <Filter>Source Files</Filter>
    </ClCompile>
    <ClCompile Include="src\ImGui\imgui_widgets.cpp">
      <Filter>Source Files</Filter>
    </ClCompile>
    <ClCompile Include="src\SphereCamera.cpp">
      <Filter>Source Files</Filter>
    </ClCompile>
    <ClCompile Include="src\Camera.cpp">
      <Filter>Source Files</Filter>
    </ClCompile>
    <ClCompile Include="src\FPCamera.cpp">
      <Filter>Source Files</Filter>
    </ClCompile>
  </ItemGroup>
  <ItemGroup>
    <ClInclude Include="src\Mesh.h">
      <Filter>Header Files</Filter>
    </ClInclude>
    <ClInclude Include="src\Model.h">
      <Filter>Header Files</Filter>
    </ClInclude>
    <ClInclude Include="src\Shader.h">
      <Filter>Header Files</Filter>
    </ClInclude>
    <ClInclude Include="src\stb_image.h">
      <Filter>Header Files</Filter>
    </ClInclude>
    <ClInclude Include="src\ImGui\imconfig.h">
      <Filter>Header Files</Filter>
    </ClInclude>
    <ClInclude Include="src\ImGui\imgui.h">
      <Filter>Header Files</Filter>
    </ClInclude>
    <ClInclude Include="src\ImGui\imgui_impl_glfw.h">
      <Filter>Header Files</Filter>
    </ClInclude>
    <ClInclude Include="src\ImGui\imgui_impl_opengl3.h">
      <Filter>Header Files</Filter>
    </ClInclude>
    <ClInclude Include="src\ImGui\imgui_internal.h">
      <Filter>Header Files</Filter>
    </ClInclude>
    <ClInclude Include="src\ImGui\imstb_rectpack.h">
      <Filter>Header Files</Filter>
    </ClInclude>
    <ClInclude Include="src\ImGui\imstb_textedit.h">
      <Filter>Header Files</Filter>
    </ClInclude>
    <ClInclude Include="src\ImGui\imstb_truetype.h">
      <Filter>Header Files</Filter>
    </ClInclude>
    <ClInclude Include="src\SphereCamera.h">
      <Filter>Header Files</Filter>
    </ClInclude>
    <ClInclude Include="src\Camera.h">
      <Filter>Header Files</Filter>
    </ClInclude>
    <ClInclude Include="src\FPCamera.h">
      <Filter>Header Files</Filter>
    </ClInclude>
    <ClInclude Include="src\DeferredShading.h">
      <Filter>Header Files</Filter>
    </ClInclude>
    <ClInclude Include="src\TextureLoading.h">
      <Filter>Header Files</Filter>
    </ClInclude>
    <ClInclude Include="src\ShadowMap.h">
      <Filter>Header Files</Filter>
    </ClInclude>
    <ClInclude Include="src\PrefabsCreation.h">
      <Filter>Header Files</Filter>
    </ClInclude>
  </ItemGroup>
  <ItemGroup>
    <None Include="resources\shaders\GoochShadingVertex.shader" />
    <None Include="resources\shaders\GoochShadingFragment.shader" />
    <None Include="resources\shaders\normalVisualizationFragment.shader" />
    <None Include="resources\shaders\normalVisualizationGeometry.shader" />
    <None Include="resources\shaders\normalVisualizationVertex.shader" />
    <None Include="resources\shaders\PhongShadingVertex.shader" />
    <None Include="resources\shaders\PhongShadingFragment.shader" />
    <None Include="resources\shaders\BlinnPhongShadingVertex.shader" />
    <None Include="resources\shaders\BlinnPhongShadingFragment.shader" />
    <None Include="resources\shaders\ShowNormalVertex.shader" />
    <None Include="resources\shaders\ShowNormalGeometry.shader" />
    <None Include="resources\shaders\ShowNormalFragment.shader" />
    <None Include="resources\shaders\ShadowMapVisualizationVertex.shader" />
    <None Include="resources\shaders\ShadowMapVisualizationFragment.shader" />
    <None Include="resources\shaders\ShadowMapRenderingVertex.shader" />
    <None Include="resources\shaders\ShadowMapRenderingFragment.shader" />
    <None Include="resources\shaders\GeometryPassVertex.shader" />
    <None Include="resources\shaders\GeometryPassFragment.shader" />
    <None Include="resources\shaders\QuadDisplayVertex.shader" />
    <None Include="resources\shaders\QuadDisplayFragment.shader" />
    <None Include="resources\shaders\DeferredBlinnPhongShadingVertex.shader" />
    <None Include="resources\shaders\DeferredBlinnPhongShadingFragment.shader" />
    <None Include="resources\shaders\SingleColorFragment.shader" />
    <None Include="resources\shaders\SingleColorVertex.shader" />
    <None Include="resources\shaders\GroundPlaneVertex.shader" />
    <None Include="resources\shaders\GroundPlaneFragment.shader" />
  </ItemGroup>
</Project>